
Microsoft Visual Studio Solution File, Format Version 12.00
# Visual Studio Version 16
VisualStudioVersion = 16.0.32002.261
MinimumVisualStudioVersion = 10.0.40219.1
Project("{FAE04EC0-301F-11D3-BF4B-00C04F79EFBC}") = "WindowsFormsApp30", "WindowsFormsApp30\WindowsFormsApp30.csproj", "{CBBAE144-3A90-4366-84D8-2FA3A88D98A3}"
EndProject
Global
	GlobalSection(SolutionConfigurationPlatforms) = preSolution
		Debug|Any CPU = Debug|Any CPU
		Release|Any CPU = Release|Any CPU
	EndGlobalSection
	GlobalSection(ProjectConfigurationPlatforms) = postSolution
		{CBBAE144-3A90-4366-84D8-2FA3A88D98A3}.Debug|Any CPU.ActiveCfg = Debug|Any CPU
		{CBBAE144-3A90-4366-84D8-2FA3A88D98A3}.Debug|Any CPU.Build.0 = Debug|Any CPU
		{CBBAE144-3A90-4366-84D8-2FA3A88D98A3}.Release|Any CPU.ActiveCfg = Release|Any CPU
		{CBBAE144-3A90-4366-84D8-2FA3A88D98A3}.Release|Any CPU.Build.0 = Release|Any CPU
	EndGlobalSection
	GlobalSection(SolutionProperties) = preSolution
		HideSolutionNode = FALSE
	EndGlobalSection
	GlobalSection(ExtensibilityGlobals) = postSolution
		SolutionGuid = {152EF043-83B5-4FE5-BC94-924EC0BEBD61}
	EndGlobalSection
EndGlobal
